
Microsoft Visual Studio Solution File, Format Version 12.00
# Visual Studio Version 16
VisualStudioVersion = 16.0.29424.173
MinimumVisualStudioVersion = 10.0.40219.1
Project("{FAE04EC0-301F-11D3-BF4B-00C04F79EFBC}") = "Rejestracja", "Rejestracja\Rejestracja.csproj", "{1E801210-AF53-4F2F-9581-8E91ADC175EA}"
EndProject
Global
	GlobalSection(SolutionConfigurationPlatforms) = preSolution
		Debug|Any CPU = Debug|Any CPU
		Release|Any CPU = Release|Any CPU
	EndGlobalSection
	GlobalSection(ProjectConfigurationPlatforms) = postSolution
		{1E801210-AF53-4F2F-9581-8E91ADC175EA}.Debug|Any CPU.ActiveCfg = Debug|Any CPU
		{1E801210-AF53-4F2F-9581-8E91ADC175EA}.Debug|Any CPU.Build.0 = Debug|Any CPU
		{1E801210-AF53-4F2F-9581-8E91ADC175EA}.Release|Any CPU.ActiveCfg = Release|Any CPU
		{1E801210-AF53-4F2F-9581-8E91ADC175EA}.Release|Any CPU.Build.0 = Release|Any CPU
	EndGlobalSection
	GlobalSection(SolutionProperties) = preSolution
		HideSolutionNode = FALSE
	EndGlobalSection
	GlobalSection(ExtensibilityGlobals) = postSolution
		SolutionGuid = {A84F04AE-081D-4B10-A4FD-3AACF077B91F}
	EndGlobalSection
EndGlobal
